<?xml version="1.0" encoding="utf-8"?>
<Project ToolsVersion="4.0" xmlns="http://schemas.microsoft.com/developer/msbuild/2003">
  <ItemGroup>
    <Filter Include="Source Files">
      <UniqueIdentifier>{4FC737F1-C7A5-4376-A066-2A32D752A2FF}</UniqueIdentifier>
      <Extensions>cpp;c;cc;cxx;c++;cppm;ixx;def;odl;idl;hpj;bat;asm;asmx</Extensions>
    </Filter>
    <Filter Include="Header Files">
      <UniqueIdentifier>{93995380-89BD-4b04-88EB-625FBE52EBFB}</UniqueIdentifier>
      <Extensions>h;hh;hpp;hxx;h++;hm;inl;inc;ipp;xsd</Extensions>
    </Filter>
    <Filter Include="Resource Files">
      <UniqueIdentifier>{67DA6AB6-F800-4c08-8B7A-83BB121AAD01}</UniqueIdentifier>
      <Extensions>rc;ico;cur;bmp;dlg;rc2;rct;bin;rgs;gif;jpg;jpeg;jpe;resx;tiff;tif;png;wav;mfcribbon-ms</Extensions>
    </Filter>
  </ItemGroup>
  <ItemGroup>
    <ClCompile Include="main.cpp">
      <Filter>Source Files</Filter>
    </ClCompile>
    <ClCompile Include="src\Console\Console.cpp">
      <Filter>Source Files</Filter>
    </ClCompile>
    <ClCompile Include="src\Dependencies\imgui\backends\imgui_impl_dx11.cpp">
      <Filter>Source Files</Filter>
    </ClCompile>
    <ClCompile Include="src\Dependencies\imgui\backends\imgui_impl_win32.cpp">
      <Filter>Source Files</Filter>
    </ClCompile>
    <ClCompile Include="src\Dependencies\imgui\imgui.cpp">
      <Filter>Source Files</Filter>
    </ClCompile>
    <ClCompile Include="src\Dependencies\imgui\imgui_demo.cpp">
      <Filter>Source Files</Filter>
    </ClCompile>
    <ClCompile Include="src\Dependencies\imgui\imgui_draw.cpp">
      <Filter>Source Files</Filter>
    </ClCompile>
    <ClCompile Include="src\Dependencies\imgui\imgui_tables.cpp">
      <Filter>Source Files</Filter>
    </ClCompile>
    <ClCompile Include="src\Dependencies\imgui\imgui_widgets.cpp">
      <Filter>Source Files</Filter>
    </ClCompile>
    <ClCompile Include="src\Dependencies\Luma\IL2CPP\Structures\Il2CppArray.cpp">
      <Filter>Source Files</Filter>
    </ClCompile>
    <ClCompile Include="src\Dependencies\Luma\IL2CPP\Structures\Il2CppAssembly.cpp">
      <Filter>Source Files</Filter>
    </ClCompile>
    <ClCompile Include="src\Dependencies\Luma\IL2CPP\Structures\Il2CppClass.cpp">
      <Filter>Source Files</Filter>
    </ClCompile>
    <ClCompile Include="src\Dependencies\Luma\IL2CPP\Structures\Il2CppDomain.cpp">
      <Filter>Source Files</Filter>
    </ClCompile>
    <ClCompile Include="src\Dependencies\Luma\IL2CPP\Structures\Il2CppField.cpp">
      <Filter>Source Files</Filter>
    </ClCompile>
    <ClCompile Include="src\Dependencies\Luma\IL2CPP\Structures\Il2CppImage.cpp">
      <Filter>Source Files</Filter>
    </ClCompile>
    <ClCompile Include="src\Dependencies\Luma\IL2CPP\Structures\Il2CppMethod.cpp">
      <Filter>Source Files</Filter>
    </ClCompile>
    <ClCompile Include="src\Dependencies\Luma\IL2CPP\Structures\Il2CppObject.cpp">
      <Filter>Source Files</Filter>
    </ClCompile>
    <ClCompile Include="src\Dependencies\Luma\IL2CPP\Structures\Il2CppProperty.cpp">
      <Filter>Source Files</Filter>
    </ClCompile>
    <ClCompile Include="src\Dependencies\Luma\IL2CPP\Structures\Il2CppString.cpp">
      <Filter>Source Files</Filter>
    </ClCompile>
    <ClCompile Include="src\Dependencies\Luma\IL2CPP\Structures\Il2CppThread.cpp">
      <Filter>Source Files</Filter>
    </ClCompile>
    <ClCompile Include="src\Dependencies\Luma\IL2CPP\Structures\Il2CppType.cpp">
      <Filter>Source Files</Filter>
    </ClCompile>
    <ClCompile Include="src\Dependencies\Luma\IL2CPP\Backend.cpp">
      <Filter>Source Files</Filter>
    </ClCompile>
    <ClCompile Include="src\Dependencies\Luma\IL2CPP\LoadingCallback.cpp">
      <Filter>Source Files</Filter>
    </ClCompile>
    <ClCompile Include="src\Dependencies\Luma\Logger.cpp">
      <Filter>Source Files</Filter>
    </ClCompile>
    <ClCompile Include="src\Dependencies\Luma\IL2CPP\Invoker.cpp">
      <Filter>Source Files</Filter>
    </ClCompile>
    <ClCompile Include="src\Dependencies\Luma\Deps\Memory.cpp">
      <Filter>Source Files</Filter>
    </ClCompile>
    <ClCompile Include="src\Dependencies\kiero\minhook\src\hde\hde32.c">
      <Filter>Source Files</Filter>
    </ClCompile>
    <ClCompile Include="src\Dependencies\kiero\minhook\src\hde\hde64.c">
      <Filter>Source Files</Filter>
    </ClCompile>
    <ClCompile Include="src\Dependencies\kiero\minhook\src\buffer.c">
      <Filter>Source Files</Filter>
    </ClCompile>
    <ClCompile Include="src\Dependencies\kiero\minhook\src\hook.c">
      <Filter>Source Files</Filter>
    </ClCompile>
    <ClCompile Include="src\Dependencies\kiero\minhook\src\trampoline.c">
      <Filter>Source Files</Filter>
    </ClCompile>
    <ClCompile Include="src\Dependencies\kiero\kiero.cpp">
      <Filter>Source Files</Filter>
    </ClCompile>
    <ClCompile Include="src\GUI\Setup.cpp">
      <Filter>Source Files</Filter>
    </ClCompile>
    <ClCompile Include="src\GUI\Render.cpp">
      <Filter>Source Files</Filter>
    </ClCompile>
    <ClCompile Include="src\Cheat\Managers\Players.cpp">
      <Filter>Source Files</Filter>
    </ClCompile>
    <ClCompile Include="src\Cheat\SDK\Game\Player.cpp">
      <Filter>Source Files</Filter>
    </ClCompile>
    <ClCompile Include="src\Cheat\SDK\SDK.cpp">
      <Filter>Source Files</Filter>
    </ClCompile>
    <ClCompile Include="src\Cheat\Globals.cpp">
      <Filter>Source Files</Filter>
    </ClCompile>
    <ClCompile Include="src\Cheat\SDK\Unity\Component.cpp">
      <Filter>Source Files</Filter>
    </ClCompile>
    <ClCompile Include="src\Cheat\SDK\Unity\Object.cpp">
      <Filter>Source Files</Filter>
    </ClCompile>
    <ClCompile Include="src\Cheat\SDK\Game\PlayerMovement.cpp">
      <Filter>Source Files</Filter>
    </ClCompile>
    <ClCompile Include="src\Cheat\SDK\System\Type.cpp">
      <Filter>Source Files</Filter>
    </ClCompile>
    <ClCompile Include="src\Cheat\SDK\Game\PlayerGameRoleManager.cpp">
      <Filter>Source Files</Filter>
    </ClCompile>
    <ClCompile Include="src\Cheat\Modules\Movement.cpp">
      <Filter>Source Files</Filter>
    </ClCompile>
    <ClCompile Include="src\Cheat\Modules\Misc.cpp">
      <Filter>Source Files</Filter>
    </ClCompile>
    <ClCompile Include="src\Cheat\SDK\Unity\Transform.cpp">
      <Filter>Source Files</Filter>
    </ClCompile>
    <ClCompile Include="src\Dependencies\Luma\Unity\Structures\Vector3.cpp">
      <Filter>Source Files</Filter>
    </ClCompile>
    <ClCompile Include="src\Dependencies\Luma\Unity\Structures\Quaternion.cpp">
      <Filter>Source Files</Filter>
    </ClCompile>
    <ClCompile Include="src\Dependencies\Luma\Unity\Structures\Vector2.cpp">
      <Filter>Source Files</Filter>
    </ClCompile>
    <ClCompile Include="src\Cheat\SDK\Unity\Camera.cpp">
      <Filter>Source Files</Filter>
    </ClCompile>
    <ClCompile Include="src\Cheat\SDK\Game\LocalPlayerController.cpp">
      <Filter>Source Files</Filter>
    </ClCompile>
    <ClCompile Include="src\Cheat\SDK\Game\ScreenPlayerController.cpp">
      <Filter>Source Files</Filter>
    </ClCompile>
    <ClCompile Include="src\Cheat\SDK\Game\CameraSystem.cpp">
      <Filter>Source Files</Filter>
    </ClCompile>
    <ClCompile Include="src\Cheat\Modules\Visuals.cpp">
      <Filter>Source Files</Filter>
    </ClCompile>
    <ClCompile Include="src\Cheat\Modules\Aimbot.cpp">
      <Filter>Source Files</Filter>
    </ClCompile>
    <ClCompile Include="src\Cheat\SDK\Game\RangedWeapon.cpp">
      <Filter>Source Files</Filter>
    </ClCompile>
    <ClCompile Include="src\Cheat\SDK\Game\RRNetworking.cpp">
      <Filter>Source Files</Filter>
    </ClCompile>
    <ClCompile Include="src\Cheat\SDK\Unity\GameObject.cpp">
      <Filter>Source Files</Filter>
    </ClCompile>
    <ClCompile Include="src\Cheat\Modules\Exclusive.cpp">
      <Filter>Source Files</Filter>
    </ClCompile>
    <ClCompile Include="src\Cheat\Lists.cpp">
      <Filter>Source Files</Filter>
    </ClCompile>
    <ClCompile Include="src\Cheat\SDK\Game\GiftManager.cpp">
      <Filter>Source Files</Filter>
    </ClCompile>
    <ClCompile Include="src\Cheat\SDK\Game\GiftPackage.cpp">
      <Filter>Source Files</Filter>
    </ClCompile>
    <ClCompile Include="src\Dependencies\imgui\imgui_stdlib.cpp">
      <Filter>Source Files</Filter>
    </ClCompile>
    <ClCompile Include="src\Cheat\SDK\System\Nullable.cpp">
      <Filter>Source Files</Filter>
    </ClCompile>
  </ItemGroup>
  <ItemGroup>
    <ClInclude Include="src\Console\Console.h">
      <Filter>Header Files</Filter>
    </ClInclude>
    <ClInclude Include="src\Console\colored_cout.h">
      <Filter>Header Files</Filter>
    </ClInclude>
    <ClInclude Include="src\Dependencies\imgui\backends\imgui_impl_dx11.h">
      <Filter>Header Files</Filter>
    </ClInclude>
    <ClInclude Include="src\Dependencies\imgui\backends\imgui_impl_win32.h">
      <Filter>Header Files</Filter>
    </ClInclude>
    <ClInclude Include="src\Dependencies\imgui\imconfig.h">
      <Filter>Header Files</Filter>
    </ClInclude>
    <ClInclude Include="src\Dependencies\imgui\imgui.h">
      <Filter>Header Files</Filter>
    </ClInclude>
    <ClInclude Include="src\Dependencies\imgui\imgui_internal.h">
      <Filter>Header Files</Filter>
    </ClInclude>
    <ClInclude Include="src\Dependencies\imgui\imstb_rectpack.h">
      <Filter>Header Files</Filter>
    </ClInclude>
    <ClInclude Include="src\Dependencies\imgui\imstb_textedit.h">
      <Filter>Header Files</Filter>
    </ClInclude>
    <ClInclude Include="src\Dependencies\imgui\imstb_truetype.h">
      <Filter>Header Files</Filter>
    </ClInclude>
    <ClInclude Include="src\Dependencies\Luma\Deps\RetSpoof.h">
      <Filter>Header Files</Filter>
    </ClInclude>
    <ClInclude Include="src\Dependencies\Luma\IL2CPP\Structures\Il2CppArray.h">
      <Filter>Header Files</Filter>
    </ClInclude>
    <ClInclude Include="src\Dependencies\Luma\IL2CPP\Structures\Il2CppAssembly.h">
      <Filter>Header Files</Filter>
    </ClInclude>
    <ClInclude Include="src\Dependencies\Luma\IL2CPP\Structures\Il2CppClass.h">
      <Filter>Header Files</Filter>
    </ClInclude>
    <ClInclude Include="src\Dependencies\Luma\IL2CPP\Structures\Il2CppDomain.h">
      <Filter>Header Files</Filter>
    </ClInclude>
    <ClInclude Include="src\Dependencies\Luma\IL2CPP\Structures\Il2CppField.h">
      <Filter>Header Files</Filter>
    </ClInclude>
    <ClInclude Include="src\Dependencies\Luma\IL2CPP\Structures\Il2CppImage.h">
      <Filter>Header Files</Filter>
    </ClInclude>
    <ClInclude Include="src\Dependencies\Luma\IL2CPP\Structures\Il2CppMethod.h">
      <Filter>Header Files</Filter>
    </ClInclude>
    <ClInclude Include="src\Dependencies\Luma\IL2CPP\Structures\Il2CppObject.h">
      <Filter>Header Files</Filter>
    </ClInclude>
    <ClInclude Include="src\Dependencies\Luma\IL2CPP\Structures\Il2CppProperty.h">
      <Filter>Header Files</Filter>
    </ClInclude>
    <ClInclude Include="src\Dependencies\Luma\IL2CPP\Structures\Il2CppString.h">
      <Filter>Header Files</Filter>
    </ClInclude>
    <ClInclude Include="src\Dependencies\Luma\IL2CPP\Structures\Il2CppThread.h">
      <Filter>Header Files</Filter>
    </ClInclude>
    <ClInclude Include="src\Dependencies\Luma\IL2CPP\Structures\Il2CppType.h">
      <Filter>Header Files</Filter>
    </ClInclude>
    <ClInclude Include="src\Dependencies\Luma\IL2CPP\Wrappers\Class.h">
      <Filter>Header Files</Filter>
    </ClInclude>
    <ClInclude Include="src\Dependencies\Luma\IL2CPP\Wrappers\Field.h">
      <Filter>Header Files</Filter>
    </ClInclude>
    <ClInclude Include="src\Dependencies\Luma\IL2CPP\Wrappers\Method.h">
      <Filter>Header Files</Filter>
    </ClInclude>
    <ClInclude Include="src\Dependencies\Luma\IL2CPP\Wrappers\Property.h">
      <Filter>Header Files</Filter>
    </ClInclude>
    <ClInclude Include="src\Dependencies\Luma\IL2CPP\Backend.h">
      <Filter>Header Files</Filter>
    </ClInclude>
    <ClInclude Include="src\Dependencies\Luma\IL2CPP\Invoker.h">
      <Filter>Header Files</Filter>
    </ClInclude>
    <ClInclude Include="src\Dependencies\Luma\IL2CPP\LoadingCallback.h">
      <Filter>Header Files</Filter>
    </ClInclude>
    <ClInclude Include="src\Dependencies\Luma\IL2CPP\Symbols.h">
      <Filter>Header Files</Filter>
    </ClInclude>
    <ClInclude Include="src\Dependencies\Luma\Mono\Structures\Array.h">
      <Filter>Header Files</Filter>
    </ClInclude>
    <ClInclude Include="src\Dependencies\Luma\Mono\Structures\String.h">
      <Filter>Header Files</Filter>
    </ClInclude>
    <ClInclude Include="src\Dependencies\Luma\Unity\Structures\Vector3.h">
      <Filter>Header Files</Filter>
    </ClInclude>
    <ClInclude Include="src\Dependencies\Luma\Logger.h">
      <Filter>Header Files</Filter>
    </ClInclude>
    <ClInclude Include="src\Dependencies\Luma\Luma.h">
      <Filter>Header Files</Filter>
    </ClInclude>
    <ClInclude Include="src\Dependencies\Luma\Settings.h">
      <Filter>Header Files</Filter>
    </ClInclude>
    <ClInclude Include="src\Dependencies\Luma\Deps\Memory.h">
      <Filter>Header Files</Filter>
    </ClInclude>
    <ClInclude Include="src\Dependencies\kiero\minhook\include\MinHook.h">
      <Filter>Header Files</Filter>
    </ClInclude>
    <ClInclude Include="src\Dependencies\kiero\minhook\src\hde\hde32.h">
      <Filter>Header Files</Filter>
    </ClInclude>
    <ClInclude Include="src\Dependencies\kiero\minhook\src\hde\hde64.h">
      <Filter>Header Files</Filter>
    </ClInclude>
    <ClInclude Include="src\Dependencies\kiero\minhook\src\hde\pstdint.h">
      <Filter>Header Files</Filter>
    </ClInclude>
    <ClInclude Include="src\Dependencies\kiero\minhook\src\hde\table32.h">
      <Filter>Header Files</Filter>
    </ClInclude>
    <ClInclude Include="src\Dependencies\kiero\minhook\src\hde\table64.h">
      <Filter>Header Files</Filter>
    </ClInclude>
    <ClInclude Include="src\Dependencies\kiero\minhook\src\buffer.h">
      <Filter>Header Files</Filter>
    </ClInclude>
    <ClInclude Include="src\Dependencies\kiero\minhook\src\trampoline.h">
      <Filter>Header Files</Filter>
    </ClInclude>
    <ClInclude Include="src\Dependencies\kiero\kiero.h">
      <Filter>Header Files</Filter>
    </ClInclude>
    <ClInclude Include="src\GUI\Setup.h">
      <Filter>Header Files</Filter>
    </ClInclude>
    <ClInclude Include="src\GUI\Render.h">
      <Filter>Header Files</Filter>
    </ClInclude>
    <ClInclude Include="src\Cheat\Managers\Players.h">
      <Filter>Header Files</Filter>
    </ClInclude>
    <ClInclude Include="src\Cheat\SDK\Game\Player.h">
      <Filter>Header Files</Filter>
    </ClInclude>
    <ClInclude Include="src\Cheat\SDK\SDK.h">
      <Filter>Header Files</Filter>
    </ClInclude>
    <ClInclude Include="src\Cheat\SDK\Game\Empty\RRNetworkBehavior.h">
      <Filter>Header Files</Filter>
    </ClInclude>
    <ClInclude Include="src\Cheat\SDK\Unity\Empty\MonoBehaviour.h">
      <Filter>Header Files</Filter>
    </ClInclude>
    <ClInclude Include="src\Cheat\SDK\Unity\Empty\Behaviour.h">
      <Filter>Header Files</Filter>
    </ClInclude>
    <ClInclude Include="src\Cheat\Globals.h">
      <Filter>Header Files</Filter>
    </ClInclude>
    <ClInclude Include="src\Cheat\SDK\Unity\Component.h">
      <Filter>Header Files</Filter>
    </ClInclude>
    <ClInclude Include="src\Cheat\SDK\Unity\Object.h">
      <Filter>Header Files</Filter>
    </ClInclude>
    <ClInclude Include="src\Cheat\SDK\Game\PlayerMovement.h">
      <Filter>Header Files</Filter>
    </ClInclude>
    <ClInclude Include="src\Cheat\SDK\Game\Empty\PlayerHead.h">
      <Filter>Header Files</Filter>
    </ClInclude>
    <ClInclude Include="src\Cheat\SDK\Game\Empty\PlayerBody.h">
      <Filter>Header Files</Filter>
    </ClInclude>
    <ClInclude Include="src\Cheat\SDK\Game\Empty\PlayerHand.h">
      <Filter>Header Files</Filter>
    </ClInclude>
    <ClInclude Include="src\Cheat\SDK\Game\Empty\Tool.h">
      <Filter>Header Files</Filter>
    </ClInclude>
    <ClInclude Include="src\Cheat\SDK\System\Type.h">
      <Filter>Header Files</Filter>
    </ClInclude>
    <ClInclude Include="src\Cheat\SDK\Game\PlayerGameRoleManager.h">
      <Filter>Header Files</Filter>
    </ClInclude>
    <ClInclude Include="src\Cheat\Modules\Movement.h">
      <Filter>Header Files</Filter>
    </ClInclude>
    <ClInclude Include="src\Cheat\Modules\Misc.h">
      <Filter>Header Files</Filter>
    </ClInclude>
    <ClInclude Include="src\Cheat\SDK\Unity\Transform.h">
      <Filter>Header Files</Filter>
    </ClInclude>
    <ClInclude Include="src\Dependencies\Luma\Unity\Structures\Quaternion.h">
      <Filter>Header Files</Filter>
    </ClInclude>
    <ClInclude Include="src\Dependencies\Luma\Unity\Unity.h">
      <Filter>Header Files</Filter>
    </ClInclude>
    <ClInclude Include="src\Dependencies\Luma\Unity\Structures\Vector2.h">
      <Filter>Header Files</Filter>
    </ClInclude>
    <ClInclude Include="src\Cheat\SDK\Unity\Camera.h">
      <Filter>Header Files</Filter>
    </ClInclude>
    <ClInclude Include="src\Cheat\SDK\Game\LocalPlayerController.h">
      <Filter>Header Files</Filter>
    </ClInclude>
    <ClInclude Include="src\Cheat\SDK\Game\ScreenPlayerController.h">
      <Filter>Header Files</Filter>
    </ClInclude>
    <ClInclude Include="src\Cheat\SDK\Game\CameraSystem.h">
      <Filter>Header Files</Filter>
    </ClInclude>
    <ClInclude Include="src\Cheat\Modules\Visuals.h">
      <Filter>Header Files</Filter>
    </ClInclude>
    <ClInclude Include="src\Cheat\Modules\Aimbot.h">
      <Filter>Header Files</Filter>
    </ClInclude>
    <ClInclude Include="src\Cheat\SDK\Game\RangedWeapon.h">
      <Filter>Header Files</Filter>
    </ClInclude>
    <ClInclude Include="src\obf.h">
      <Filter>Header Files</Filter>
    </ClInclude>
    <ClInclude Include="src\Cheat\SDK\Game\RRNetworking.h">
      <Filter>Header Files</Filter>
    </ClInclude>
    <ClInclude Include="src\Cheat\SDK\Unity\GameObject.h">
      <Filter>Header Files</Filter>
    </ClInclude>
    <ClInclude Include="src\Cheat\Modules\Exclusive.h">
      <Filter>Header Files</Filter>
    </ClInclude>
    <ClInclude Include="src\Cheat\Lists.h">
      <Filter>Header Files</Filter>
    </ClInclude>
    <ClInclude Include="src\Cheat\SDK\Game\GiftManager.h">
      <Filter>Header Files</Filter>
    </ClInclude>
    <ClInclude Include="src\Cheat\SDK\Game\GiftPackage.h">
      <Filter>Header Files</Filter>
    </ClInclude>
    <ClInclude Include="src\Dependencies\Luma\Mono\Structures\Nullable.h">
      <Filter>Header Files</Filter>
    </ClInclude>
    <ClInclude Include="src\Dependencies\imgui\imgui_stdlib.h">
      <Filter>Header Files</Filter>
    </ClInclude>
    <ClInclude Include="src\Cheat\SDK\System\Nullable.h">
      <Filter>Header Files</Filter>
    </ClInclude>
  </ItemGroup>
  <ItemGroup>
    <MASM Include="src\Dependencies\Luma\Deps\RetSpoof.asm">
      <Filter>Source Files</Filter>
    </MASM>
  </ItemGroup>
  <ItemGroup>
    <None Include="src\Dependencies\kiero\minhook\dll_resources\MinHook.def">
      <Filter>Source Files</Filter>
    </None>
  </ItemGroup>
  <ItemGroup>
    <ResourceCompile Include="src\Dependencies\kiero\minhook\dll_resources\MinHook.rc">
      <Filter>Resource Files</Filter>
    </ResourceCompile>
  </ItemGroup>
  <ItemGroup>
    <Text Include="src\Dependencies\Luma\Readme.cpp" />
  </ItemGroup>
</Project>